
Microsoft Visual Studio Solution File, Format Version 12.00
# Visual Studio Version 17
VisualStudioVersion = 17.4.33213.308
MinimumVisualStudioVersion = 10.0.40219.1
Project("{FAE04EC0-301F-11D3-BF4B-00C04F79EFBC}") = "20230805_For", "20230805_For\20230805_For.csproj", "{52D420D9-E4B7-4FE8-ACF0-9F974A3DB2EA}"
EndProject
Global
	GlobalSection(SolutionConfigurationPlatforms) = preSolution
		Debug|Any CPU = Debug|Any CPU
		Release|Any CPU = Release|Any CPU
	EndGlobalSection
	GlobalSection(ProjectConfigurationPlatforms) = postSolution
		{52D420D9-E4B7-4FE8-ACF0-9F974A3DB2EA}.Debug|Any CPU.ActiveCfg = Debug|Any CPU
		{52D420D9-E4B7-4FE8-ACF0-9F974A3DB2EA}.Debug|Any CPU.Build.0 = Debug|Any CPU
		{52D420D9-E4B7-4FE8-ACF0-9F974A3DB2EA}.Release|Any CPU.ActiveCfg = Release|Any CPU
		{52D420D9-E4B7-4FE8-ACF0-9F974A3DB2EA}.Release|Any CPU.Build.0 = Release|Any CPU
	EndGlobalSection
	GlobalSection(SolutionProperties) = preSolution
		HideSolutionNode = FALSE
	EndGlobalSection
	GlobalSection(ExtensibilityGlobals) = postSolution
		SolutionGuid = {3B66A2D4-7ED6-4789-AB5C-981026D6904E}
	EndGlobalSection
EndGlobal
